
Microsoft Visual Studio Solution File, Format Version 12.00
# Visual Studio Version 17
VisualStudioVersion = 17.11.35327.3
MinimumVisualStudioVersion = 10.0.40219.1
Project("{9A19103F-16F7-4668-BE54-9A1E7A4F7556}") = "Core", "Core\Core.csproj", "{316BC634-C428-45D4-9B4A-6521EFC4F13A}"
EndProject
Project("{9A19103F-16F7-4668-BE54-9A1E7A4F7556}") = "Infrastructure", "Infrastructure\Infrastructure.csproj", "{F9CFC1E8-1FFE-4CEA-A49C-8DFBEDE80B7A}"
EndProject
Project("{FAE04EC0-301F-11D3-BF4B-00C04F79EFBC}") = "API", "API\API.csproj", "{71147E5C-03C9-4A25-9CF8-65C38C603FF8}"
EndProject
Global
	GlobalSection(SolutionConfigurationPlatforms) = preSolution
		Debug|Any CPU = Debug|Any CPU
		Release|Any CPU = Release|Any CPU
	EndGlobalSection
	GlobalSection(ProjectConfigurationPlatforms) = postSolution
		{316BC634-C428-45D4-9B4A-6521EFC4F13A}.Debug|Any CPU.ActiveCfg = Debug|Any CPU
		{316BC634-C428-45D4-9B4A-6521EFC4F13A}.Debug|Any CPU.Build.0 = Debug|Any CPU
		{316BC634-C428-45D4-9B4A-6521EFC4F13A}.Release|Any CPU.ActiveCfg = Release|Any CPU
		{316BC634-C428-45D4-9B4A-6521EFC4F13A}.Release|Any CPU.Build.0 = Release|Any CPU
		{F9CFC1E8-1FFE-4CEA-A49C-8DFBEDE80B7A}.Debug|Any CPU.ActiveCfg = Debug|Any CPU
		{F9CFC1E8-1FFE-4CEA-A49C-8DFBEDE80B7A}.Debug|Any CPU.Build.0 = Debug|Any CPU
		{F9CFC1E8-1FFE-4CEA-A49C-8DFBEDE80B7A}.Release|Any CPU.ActiveCfg = Release|Any CPU
		{F9CFC1E8-1FFE-4CEA-A49C-8DFBEDE80B7A}.Release|Any CPU.Build.0 = Release|Any CPU
		{71147E5C-03C9-4A25-9CF8-65C38C603FF8}.Debug|Any CPU.ActiveCfg = Debug|Any CPU
		{71147E5C-03C9-4A25-9CF8-65C38C603FF8}.Debug|Any CPU.Build.0 = Debug|Any CPU
		{71147E5C-03C9-4A25-9CF8-65C38C603FF8}.Release|Any CPU.ActiveCfg = Release|Any CPU
		{71147E5C-03C9-4A25-9CF8-65C38C603FF8}.Release|Any CPU.Build.0 = Release|Any CPU
	EndGlobalSection
	GlobalSection(SolutionProperties) = preSolution
		HideSolutionNode = FALSE
	EndGlobalSection
	GlobalSection(ExtensibilityGlobals) = postSolution
		SolutionGuid = {CDCA6C1D-133E-41C0-804A-5B57F87D2919}
	EndGlobalSection
EndGlobal
