
Microsoft Visual Studio Solution File, Format Version 12.00
# Visual Studio Version 17
VisualStudioVersion = 17.11.35327.3
MinimumVisualStudioVersion = 10.0.40219.1
Project("{9A19103F-16F7-4668-BE54-9A1E7A4F7556}") = "Core", "Core\Core.csproj", "{E82F9A85-8197-4FF4-87D6-A46DEC257DC8}"
EndProject
Project("{9A19103F-16F7-4668-BE54-9A1E7A4F7556}") = "Infrastructure", "Infrastructure\Infrastructure.csproj", "{F08A9289-A7CE-41A1-A4B9-5117BDFCD397}"
EndProject
Project("{FAE04EC0-301F-11D3-BF4B-00C04F79EFBC}") = "API", "API\API.csproj", "{7C4A0EFA-8364-4F4B-9281-917ABF9E62EE}"
EndProject
Global
	GlobalSection(SolutionConfigurationPlatforms) = preSolution
		Debug|Any CPU = Debug|Any CPU
		Release|Any CPU = Release|Any CPU
	EndGlobalSection
	GlobalSection(ProjectConfigurationPlatforms) = postSolution
		{E82F9A85-8197-4FF4-87D6-A46DEC257DC8}.Debug|Any CPU.ActiveCfg = Debug|Any CPU
		{E82F9A85-8197-4FF4-87D6-A46DEC257DC8}.Debug|Any CPU.Build.0 = Debug|Any CPU
		{E82F9A85-8197-4FF4-87D6-A46DEC257DC8}.Release|Any CPU.ActiveCfg = Release|Any CPU
		{E82F9A85-8197-4FF4-87D6-A46DEC257DC8}.Release|Any CPU.Build.0 = Release|Any CPU
		{F08A9289-A7CE-41A1-A4B9-5117BDFCD397}.Debug|Any CPU.ActiveCfg = Debug|Any CPU
		{F08A9289-A7CE-41A1-A4B9-5117BDFCD397}.Debug|Any CPU.Build.0 = Debug|Any CPU
		{F08A9289-A7CE-41A1-A4B9-5117BDFCD397}.Release|Any CPU.ActiveCfg = Release|Any CPU
		{F08A9289-A7CE-41A1-A4B9-5117BDFCD397}.Release|Any CPU.Build.0 = Release|Any CPU
		{7C4A0EFA-8364-4F4B-9281-917ABF9E62EE}.Debug|Any CPU.ActiveCfg = Debug|Any CPU
		{7C4A0EFA-8364-4F4B-9281-917ABF9E62EE}.Debug|Any CPU.Build.0 = Debug|Any CPU
		{7C4A0EFA-8364-4F4B-9281-917ABF9E62EE}.Release|Any CPU.ActiveCfg = Release|Any CPU
		{7C4A0EFA-8364-4F4B-9281-917ABF9E62EE}.Release|Any CPU.Build.0 = Release|Any CPU
	EndGlobalSection
	GlobalSection(SolutionProperties) = preSolution
		HideSolutionNode = FALSE
	EndGlobalSection
	GlobalSection(ExtensibilityGlobals) = postSolution
		SolutionGuid = {F8817E0E-3898-4005-923C-CFD367AF7838}
	EndGlobalSection
EndGlobal
